Microsoft Visual Studio Solution File, Format Version 12.00
# Visual Studio 2012
Project("{FAE04EC0-301F-11D3-BF4B-00C04F79EFBC}") = "Assembly-CSharp-firstpass", "Assembly-CSharp-firstpass.csproj", "{7476A0C9-622C-F96C-7C71-BAE31937CA62}"
EndProject
Project("{FAE04EC0-301F-11D3-BF4B-00C04F79EFBC}") = "Assembly-CSharp", "Assembly-CSharp.csproj", "{C60A2F66-9E7E-B258-78E0-6E4D240FFA0C}"
EndProject
Project("{FAE04EC0-301F-11D3-BF4B-00C04F79EFBC}") = "Assembly-CSharp-Editor", "Assembly-CSharp-Editor.csproj", "{E3F66B44-C80E-AD39-41F2-472CA6FC64DF}"
EndProject
Project("{E0512861-DAFA-DC9D-58FF-EFB15D58FE36}") = "AI FINAL1", "Assembly-UnityScript-firstpass.unityproj", "{67AA3A83-C863-FB4F-C31E-0C3128C94292}"
EndProject
Global
	GlobalSection(SolutionConfigurationPlatforms) = preSolution
		Debug|Any CPU = Debug|Any CPU
		Release|Any CPU = Release|Any CPU
	EndGlobalSection
	GlobalSection(ProjectConfigurationPlatforms) = postSolution
		{7476A0C9-622C-F96C-7C71-BAE31937CA62}.Debug|Any CPU.ActiveCfg = Debug|Any CPU
		{7476A0C9-622C-F96C-7C71-BAE31937CA62}.Debug|Any CPU.Build.0 = Debug|Any CPU
		{7476A0C9-622C-F96C-7C71-BAE31937CA62}.Release|Any CPU.ActiveCfg = Release|Any CPU
		{7476A0C9-622C-F96C-7C71-BAE31937CA62}.Release|Any CPU.Build.0 = Release|Any CPU
		{C60A2F66-9E7E-B258-78E0-6E4D240FFA0C}.Debug|Any CPU.ActiveCfg = Debug|Any CPU
		{C60A2F66-9E7E-B258-78E0-6E4D240FFA0C}.Debug|Any CPU.Build.0 = Debug|Any CPU
		{C60A2F66-9E7E-B258-78E0-6E4D240FFA0C}.Release|Any CPU.ActiveCfg = Release|Any CPU
		{C60A2F66-9E7E-B258-78E0-6E4D240FFA0C}.Release|Any CPU.Build.0 = Release|Any CPU
		{E3F66B44-C80E-AD39-41F2-472CA6FC64DF}.Debug|Any CPU.ActiveCfg = Debug|Any CPU
		{E3F66B44-C80E-AD39-41F2-472CA6FC64DF}.Debug|Any CPU.Build.0 = Debug|Any CPU
		{E3F66B44-C80E-AD39-41F2-472CA6FC64DF}.Release|Any CPU.ActiveCfg = Release|Any CPU
		{E3F66B44-C80E-AD39-41F2-472CA6FC64DF}.Release|Any CPU.Build.0 = Release|Any CPU
		{67AA3A83-C863-FB4F-C31E-0C3128C94292}.Debug|Any CPU.ActiveCfg = Debug|Any CPU
		{67AA3A83-C863-FB4F-C31E-0C3128C94292}.Debug|Any CPU.Build.0 = Debug|Any CPU
		{67AA3A83-C863-FB4F-C31E-0C3128C94292}.Release|Any CPU.ActiveCfg = Release|Any CPU
		{67AA3A83-C863-FB4F-C31E-0C3128C94292}.Release|Any CPU.Build.0 = Release|Any CPU
	EndGlobalSection
	GlobalSection(SolutionProperties) = preSolution
		HideSolutionNode = FALSE
	EndGlobalSection
	GlobalSection(MonoDevelopProperties) = preSolution
		StartupItem = Assembly-CSharp.csproj
		Policies = $0
		$0.TextStylePolicy = $3
		$1.inheritsSet = null
		$1.scope = text/x-csharp
		$0.CSharpFormattingPolicy = $2
		$2.inheritsSet = Mono
		$2.inheritsScope = text/x-csharp
		$2.scope = text/x-csharp
		$3.FileWidth = 120
		$3.TabWidth = 4
		$3.EolMarker = Unix
		$3.inheritsSet = Mono
		$3.inheritsScope = text/plain
		$3.scope = text/plain
	EndGlobalSection
EndGlobal
