Microsoft Visual Studio Solution File, Format Version 11.00
# Visual Studio 2008

Project("{A3C5F329-ADEC-852E-1F08-9A61114EA7BE}") = "lSystemExample", "Assembly-CSharp-firstpass.csproj", "{79E96A01-24E1-4065-D522-30E9BF6504E5}"
EndProject
Project("{A3C5F329-ADEC-852E-1F08-9A61114EA7BE}") = "lSystemExample", "Assembly-CSharp.csproj", "{EE2CF460-854B-A8C2-01C2-911EC1285F1E}"
EndProject
Project("{A3C5F329-ADEC-852E-1F08-9A61114EA7BE}") = "lSystemExample", "Assembly-CSharp-Editor.csproj", "{71818A68-3E53-0505-DBFD-20FABE392B99}"
EndProject
Project("{A3C5F329-ADEC-852E-1F08-9A61114EA7BE}") = "lSystemExample", "Assembly-UnityScript-firstpass.unityproj", "{F495F7BA-3157-1D9E-4ACA-7DA974ACE8C4}"
EndProject
Project("{A3C5F329-ADEC-852E-1F08-9A61114EA7BE}") = "lSystemExample", "Assembly-UnityScript.unityproj", "{7E4456FF-418C-5975-78D5-8C3887621575}"
EndProject
Global
	GlobalSection(SolutionConfigurationPlatforms) = preSolution
		Debug|Any CPU = Debug|Any CPU
		Release|Any CPU = Release|Any CPU
	EndGlobalSection
	GlobalSection(ProjectConfigurationPlatforms) = postSolution
		{79E96A01-24E1-4065-D522-30E9BF6504E5}.Debug|Any CPU.ActiveCfg = Debug|Any CPU
		{79E96A01-24E1-4065-D522-30E9BF6504E5}.Debug|Any CPU.Build.0 = Debug|Any CPU
		{79E96A01-24E1-4065-D522-30E9BF6504E5}.Release|Any CPU.ActiveCfg = Release|Any CPU
		{79E96A01-24E1-4065-D522-30E9BF6504E5}.Release|Any CPU.Build.0 = Release|Any CPU
		{EE2CF460-854B-A8C2-01C2-911EC1285F1E}.Debug|Any CPU.ActiveCfg = Debug|Any CPU
		{EE2CF460-854B-A8C2-01C2-911EC1285F1E}.Debug|Any CPU.Build.0 = Debug|Any CPU
		{EE2CF460-854B-A8C2-01C2-911EC1285F1E}.Release|Any CPU.ActiveCfg = Release|Any CPU
		{EE2CF460-854B-A8C2-01C2-911EC1285F1E}.Release|Any CPU.Build.0 = Release|Any CPU
		{71818A68-3E53-0505-DBFD-20FABE392B99}.Debug|Any CPU.ActiveCfg = Debug|Any CPU
		{71818A68-3E53-0505-DBFD-20FABE392B99}.Debug|Any CPU.Build.0 = Debug|Any CPU
		{71818A68-3E53-0505-DBFD-20FABE392B99}.Release|Any CPU.ActiveCfg = Release|Any CPU
		{71818A68-3E53-0505-DBFD-20FABE392B99}.Release|Any CPU.Build.0 = Release|Any CPU
		{F495F7BA-3157-1D9E-4ACA-7DA974ACE8C4}.Debug|Any CPU.ActiveCfg = Debug|Any CPU
		{F495F7BA-3157-1D9E-4ACA-7DA974ACE8C4}.Debug|Any CPU.Build.0 = Debug|Any CPU
		{F495F7BA-3157-1D9E-4ACA-7DA974ACE8C4}.Release|Any CPU.ActiveCfg = Release|Any CPU
		{F495F7BA-3157-1D9E-4ACA-7DA974ACE8C4}.Release|Any CPU.Build.0 = Release|Any CPU
		{7E4456FF-418C-5975-78D5-8C3887621575}.Debug|Any CPU.ActiveCfg = Debug|Any CPU
		{7E4456FF-418C-5975-78D5-8C3887621575}.Debug|Any CPU.Build.0 = Debug|Any CPU
		{7E4456FF-418C-5975-78D5-8C3887621575}.Release|Any CPU.ActiveCfg = Release|Any CPU
		{7E4456FF-418C-5975-78D5-8C3887621575}.Release|Any CPU.Build.0 = Release|Any CPU
	EndGlobalSection
	GlobalSection(SolutionProperties) = preSolution
		HideSolutionNode = FALSE
	EndGlobalSection
												GlobalSection(MonoDevelopProperties) = preSolution
		StartupItem = Assembly-CSharp.csproj
		Policies = $0
		$0.TextStylePolicy = $1
		$1.inheritsSet = null
		$1.scope = text/x-csharp
		$0.CSharpFormattingPolicy = $2
		$2.inheritsSet = Mono
		$2.inheritsScope = text/x-csharp
		$2.scope = text/x-csharp
		$0.TextStylePolicy = $3
		$3.FileWidth = 120
		$3.TabWidth = 4
		$3.EolMarker = Unix
		$3.inheritsSet = Mono
		$3.inheritsScope = text/plain
		$3.scope = text/plain
	EndGlobalSection

EndGlobal
