Microsoft Visual Studio Solution File, Format Version 11.00
# Visual Studio 2008

Project("{0198D93E-046E-A1C3-E791-57D3E39D5084}") = "terrainGenExample", "Assembly-CSharp-firstpass-vs.csproj", "{2F5B5E60-67FE-F7DE-8968-A6E09B8CDCE0}"
EndProject
Project("{0198D93E-046E-A1C3-E791-57D3E39D5084}") = "terrainGenExample", "Assembly-CSharp-vs.csproj", "{80A5BA7D-AEBF-85BB-9A73-7419DDE249D4}"
EndProject
Project("{0198D93E-046E-A1C3-E791-57D3E39D5084}") = "terrainGenExample", "Assembly-CSharp-Editor-vs.csproj", "{9466F4F1-3F14-0E7C-713C-2A832EAC0A13}"
EndProject
Global
	GlobalSection(SolutionConfigurationPlatforms) = preSolution
		Debug|Any CPU = Debug|Any CPU
		Release|Any CPU = Release|Any CPU
	EndGlobalSection
	GlobalSection(ProjectConfigurationPlatforms) = postSolution
		{2F5B5E60-67FE-F7DE-8968-A6E09B8CDCE0}.Debug|Any CPU.ActiveCfg = Debug|Any CPU
		{2F5B5E60-67FE-F7DE-8968-A6E09B8CDCE0}.Debug|Any CPU.Build.0 = Debug|Any CPU
		{2F5B5E60-67FE-F7DE-8968-A6E09B8CDCE0}.Release|Any CPU.ActiveCfg = Release|Any CPU
		{2F5B5E60-67FE-F7DE-8968-A6E09B8CDCE0}.Release|Any CPU.Build.0 = Release|Any CPU
		{80A5BA7D-AEBF-85BB-9A73-7419DDE249D4}.Debug|Any CPU.ActiveCfg = Debug|Any CPU
		{80A5BA7D-AEBF-85BB-9A73-7419DDE249D4}.Debug|Any CPU.Build.0 = Debug|Any CPU
		{80A5BA7D-AEBF-85BB-9A73-7419DDE249D4}.Release|Any CPU.ActiveCfg = Release|Any CPU
		{80A5BA7D-AEBF-85BB-9A73-7419DDE249D4}.Release|Any CPU.Build.0 = Release|Any CPU
		{9466F4F1-3F14-0E7C-713C-2A832EAC0A13}.Debug|Any CPU.ActiveCfg = Debug|Any CPU
		{9466F4F1-3F14-0E7C-713C-2A832EAC0A13}.Debug|Any CPU.Build.0 = Debug|Any CPU
		{9466F4F1-3F14-0E7C-713C-2A832EAC0A13}.Release|Any CPU.ActiveCfg = Release|Any CPU
		{9466F4F1-3F14-0E7C-713C-2A832EAC0A13}.Release|Any CPU.Build.0 = Release|Any CPU
	EndGlobalSection
	GlobalSection(SolutionProperties) = preSolution
		HideSolutionNode = FALSE
	EndGlobalSection
																			GlobalSection(MonoDevelopProperties) = preSolution
		StartupItem = Assembly-CSharp.csproj
		Policies = $0
		$0.TextStylePolicy = $1
		$1.inheritsSet = null
		$1.scope = text/x-csharp
		$0.CSharpFormattingPolicy = $2
		$2.inheritsSet = Mono
		$2.inheritsScope = text/x-csharp
		$2.scope = text/x-csharp
		$0.TextStylePolicy = $3
		$3.FileWidth = 120
		$3.TabWidth = 4
		$3.EolMarker = Unix
		$3.inheritsSet = Mono
		$3.inheritsScope = text/plain
		$3.scope = text/plain
	EndGlobalSection

EndGlobal
